
Microsoft Visual Studio Solution File, Format Version 12.00
# Visual Studio Version 17
VisualStudioVersion = 17.10.35004.147
MinimumVisualStudioVersion = 10.0.40219.1
Project("{2150E333-8FDC-42A3-9474-1A3956D46DE8}") = "src", "src", "{EC761D43-B8B1-4E34-B961-AA9E6AA3F7DB}"
EndProject
Project("{2150E333-8FDC-42A3-9474-1A3956D46DE8}") = "test", "test", "{B7D24676-85A0-4437-A42D-2CB1B14D629B}"
EndProject
Project("{2150E333-8FDC-42A3-9474-1A3956D46DE8}") = "API", "API", "{02877965-5853-4182-A39A-595BED54991C}"
EndProject
Project("{2150E333-8FDC-42A3-9474-1A3956D46DE8}") = "Core", "Core", "{1967B552-44F0-4CD5-B30B-26509ED6EA26}"
EndProject
Project("{2150E333-8FDC-42A3-9474-1A3956D46DE8}") = "Infrastructure", "Infrastructure", "{20101D83-2DE3-4E06-B97A-213E864F4E15}"
EndProject
Project("{2150E333-8FDC-42A3-9474-1A3956D46DE8}") = "UI", "UI", "{B5C3A7C7-9549-46E6-8F83-B4D9F610EC42}"
EndProject
Project("{9A19103F-16F7-4668-BE54-9A1E7A4F7556}") = "VendManager.Domain", "VendManager.Domain\VendManager.Domain.csproj", "{621F598C-AF13-4492-92ED-5A00CE8998B7}"
EndProject
Project("{9A19103F-16F7-4668-BE54-9A1E7A4F7556}") = "VendManager.Application", "VendManager.Application\VendManager.Application.csproj", "{0D28B5D6-0EBF-49DC-B4F5-77B7FE7C30FF}"
EndProject
Project("{9A19103F-16F7-4668-BE54-9A1E7A4F7556}") = "VendManager.Persistence", "VendManager.Persistence\VendManager.Persistence.csproj", "{B72B6516-EA3A-4942-8E64-86E0DD47AB44}"
EndProject
Project("{9A19103F-16F7-4668-BE54-9A1E7A4F7556}") = "VendManager.Infrastructure", "VendManager.Infrastructure\VendManager.Infrastructure.csproj", "{D1D487E9-768F-45BC-8E62-55DB0B51DE34}"
EndProject
Project("{9A19103F-16F7-4668-BE54-9A1E7A4F7556}") = "VendManager.API", "VendManager.API\VendManager.API.csproj", "{B20A6459-D3D7-4B7A-8693-C9B98CE32EB2}"
EndProject
Project("{9A19103F-16F7-4668-BE54-9A1E7A4F7556}") = "VendManager.BlazorUI", "VendManager.BlazorUI\VendManager.BlazorUI.csproj", "{D2C883DD-19B0-4E8E-8438-CFEDEC17457D}"
	ProjectSection(ProjectDependencies) = postProject
		{B20A6459-D3D7-4B7A-8693-C9B98CE32EB2} = {B20A6459-D3D7-4B7A-8693-C9B98CE32EB2}
	EndProjectSection
EndProject
Project("{9A19103F-16F7-4668-BE54-9A1E7A4F7556}") = "VendManager.Identity", "VendManager.Identity\VendManager.Identity.csproj", "{BAF80E2E-E3FB-4486-87B4-C8D4189058A7}"
EndProject
Global
	GlobalSection(SolutionConfigurationPlatforms) = preSolution
		Debug|Any CPU = Debug|Any CPU
		Release|Any CPU = Release|Any CPU
	EndGlobalSection
	GlobalSection(ProjectConfigurationPlatforms) = postSolution
		{621F598C-AF13-4492-92ED-5A00CE8998B7}.Debug|Any CPU.ActiveCfg = Debug|Any CPU
		{621F598C-AF13-4492-92ED-5A00CE8998B7}.Debug|Any CPU.Build.0 = Debug|Any CPU
		{621F598C-AF13-4492-92ED-5A00CE8998B7}.Release|Any CPU.ActiveCfg = Release|Any CPU
		{621F598C-AF13-4492-92ED-5A00CE8998B7}.Release|Any CPU.Build.0 = Release|Any CPU
		{0D28B5D6-0EBF-49DC-B4F5-77B7FE7C30FF}.Debug|Any CPU.ActiveCfg = Debug|Any CPU
		{0D28B5D6-0EBF-49DC-B4F5-77B7FE7C30FF}.Debug|Any CPU.Build.0 = Debug|Any CPU
		{0D28B5D6-0EBF-49DC-B4F5-77B7FE7C30FF}.Release|Any CPU.ActiveCfg = Release|Any CPU
		{0D28B5D6-0EBF-49DC-B4F5-77B7FE7C30FF}.Release|Any CPU.Build.0 = Release|Any CPU
		{B72B6516-EA3A-4942-8E64-86E0DD47AB44}.Debug|Any CPU.ActiveCfg = Debug|Any CPU
		{B72B6516-EA3A-4942-8E64-86E0DD47AB44}.Debug|Any CPU.Build.0 = Debug|Any CPU
		{B72B6516-EA3A-4942-8E64-86E0DD47AB44}.Release|Any CPU.ActiveCfg = Release|Any CPU
		{B72B6516-EA3A-4942-8E64-86E0DD47AB44}.Release|Any CPU.Build.0 = Release|Any CPU
		{D1D487E9-768F-45BC-8E62-55DB0B51DE34}.Debug|Any CPU.ActiveCfg = Debug|Any CPU
		{D1D487E9-768F-45BC-8E62-55DB0B51DE34}.Debug|Any CPU.Build.0 = Debug|Any CPU
		{D1D487E9-768F-45BC-8E62-55DB0B51DE34}.Release|Any CPU.ActiveCfg = Release|Any CPU
		{D1D487E9-768F-45BC-8E62-55DB0B51DE34}.Release|Any CPU.Build.0 = Release|Any CPU
		{B20A6459-D3D7-4B7A-8693-C9B98CE32EB2}.Debug|Any CPU.ActiveCfg = Debug|Any CPU
		{B20A6459-D3D7-4B7A-8693-C9B98CE32EB2}.Debug|Any CPU.Build.0 = Debug|Any CPU
		{B20A6459-D3D7-4B7A-8693-C9B98CE32EB2}.Release|Any CPU.ActiveCfg = Release|Any CPU
		{B20A6459-D3D7-4B7A-8693-C9B98CE32EB2}.Release|Any CPU.Build.0 = Release|Any CPU
		{D2C883DD-19B0-4E8E-8438-CFEDEC17457D}.Debug|Any CPU.ActiveCfg = Debug|Any CPU
		{D2C883DD-19B0-4E8E-8438-CFEDEC17457D}.Debug|Any CPU.Build.0 = Debug|Any CPU
		{D2C883DD-19B0-4E8E-8438-CFEDEC17457D}.Release|Any CPU.ActiveCfg = Release|Any CPU
		{D2C883DD-19B0-4E8E-8438-CFEDEC17457D}.Release|Any CPU.Build.0 = Release|Any CPU
		{BAF80E2E-E3FB-4486-87B4-C8D4189058A7}.Debug|Any CPU.ActiveCfg = Debug|Any CPU
		{BAF80E2E-E3FB-4486-87B4-C8D4189058A7}.Debug|Any CPU.Build.0 = Debug|Any CPU
		{BAF80E2E-E3FB-4486-87B4-C8D4189058A7}.Release|Any CPU.ActiveCfg = Release|Any CPU
		{BAF80E2E-E3FB-4486-87B4-C8D4189058A7}.Release|Any CPU.Build.0 = Release|Any CPU
	EndGlobalSection
	GlobalSection(SolutionProperties) = preSolution
		HideSolutionNode = FALSE
	EndGlobalSection
	GlobalSection(NestedProjects) = preSolution
		{02877965-5853-4182-A39A-595BED54991C} = {EC761D43-B8B1-4E34-B961-AA9E6AA3F7DB}
		{1967B552-44F0-4CD5-B30B-26509ED6EA26} = {EC761D43-B8B1-4E34-B961-AA9E6AA3F7DB}
		{20101D83-2DE3-4E06-B97A-213E864F4E15} = {EC761D43-B8B1-4E34-B961-AA9E6AA3F7DB}
		{B5C3A7C7-9549-46E6-8F83-B4D9F610EC42} = {EC761D43-B8B1-4E34-B961-AA9E6AA3F7DB}
		{621F598C-AF13-4492-92ED-5A00CE8998B7} = {1967B552-44F0-4CD5-B30B-26509ED6EA26}
		{0D28B5D6-0EBF-49DC-B4F5-77B7FE7C30FF} = {1967B552-44F0-4CD5-B30B-26509ED6EA26}
		{B72B6516-EA3A-4942-8E64-86E0DD47AB44} = {20101D83-2DE3-4E06-B97A-213E864F4E15}
		{D1D487E9-768F-45BC-8E62-55DB0B51DE34} = {20101D83-2DE3-4E06-B97A-213E864F4E15}
		{B20A6459-D3D7-4B7A-8693-C9B98CE32EB2} = {02877965-5853-4182-A39A-595BED54991C}
		{D2C883DD-19B0-4E8E-8438-CFEDEC17457D} = {B5C3A7C7-9549-46E6-8F83-B4D9F610EC42}
		{BAF80E2E-E3FB-4486-87B4-C8D4189058A7} = {20101D83-2DE3-4E06-B97A-213E864F4E15}
	EndGlobalSection
	GlobalSection(ExtensibilityGlobals) = postSolution
		SolutionGuid = {948B785E-DBA0-4649-99AA-EF11003941AE}
	EndGlobalSection
EndGlobal
