
Microsoft Visual Studio Solution File, Format Version 12.00
# Visual Studio Version 17
VisualStudioVersion = 17.10.35004.147
MinimumVisualStudioVersion = 10.0.40219.1
Project("{2150E333-8FDC-42A3-9474-1A3956D46DE8}") = "src", "src", "{EC761D43-B8B1-4E34-B961-AA9E6AA3F7DB}"
EndProject
Project("{2150E333-8FDC-42A3-9474-1A3956D46DE8}") = "test", "test", "{B7D24676-85A0-4437-A42D-2CB1B14D629B}"
EndProject
Project("{2150E333-8FDC-42A3-9474-1A3956D46DE8}") = "API", "API", "{02877965-5853-4182-A39A-595BED54991C}"
EndProject
Project("{2150E333-8FDC-42A3-9474-1A3956D46DE8}") = "Core", "Core", "{1967B552-44F0-4CD5-B30B-26509ED6EA26}"
EndProject
Project("{2150E333-8FDC-42A3-9474-1A3956D46DE8}") = "Infrastructure", "Infrastructure", "{20101D83-2DE3-4E06-B97A-213E864F4E15}"
EndProject
Project("{2150E333-8FDC-42A3-9474-1A3956D46DE8}") = "UI", "UI", "{B5C3A7C7-9549-46E6-8F83-B4D9F610EC42}"
EndProject
Global
	GlobalSection(SolutionProperties) = preSolution
		HideSolutionNode = FALSE
	EndGlobalSection
	GlobalSection(NestedProjects) = preSolution
		{02877965-5853-4182-A39A-595BED54991C} = {EC761D43-B8B1-4E34-B961-AA9E6AA3F7DB}
		{1967B552-44F0-4CD5-B30B-26509ED6EA26} = {EC761D43-B8B1-4E34-B961-AA9E6AA3F7DB}
		{20101D83-2DE3-4E06-B97A-213E864F4E15} = {EC761D43-B8B1-4E34-B961-AA9E6AA3F7DB}
		{B5C3A7C7-9549-46E6-8F83-B4D9F610EC42} = {EC761D43-B8B1-4E34-B961-AA9E6AA3F7DB}
	EndGlobalSection
	GlobalSection(ExtensibilityGlobals) = postSolution
		SolutionGuid = {948B785E-DBA0-4649-99AA-EF11003941AE}
	EndGlobalSection
EndGlobal
